
Microsoft Visual Studio Solution File, Format Version 12.00
# Visual Studio 15
VisualStudioVersion = 15.0.28307.136
MinimumVisualStudioVersion = 10.0.40219.1
Project("{9A19103F-16F7-4668-BE54-9A1E7A4F7556}") = "gRPCServer", "gRPCServer\gRPCServer.csproj", "{4810791F-423D-4735-92EB-A512B4A4FF87}"
EndProject
Project("{9A19103F-16F7-4668-BE54-9A1E7A4F7556}") = "gRPCClient", "gRPCClient\gRPCClient.csproj", "{6F492BBE-F1E7-42CD-B067-43BA1A505D0A}"
EndProject
Project("{2150E333-8FDC-42A3-9474-1A3956D46DE8}") = "Proto", "Proto", "{78B428AF-566A-4040-9DA6-E929DC174050}"
	ProjectSection(SolutionItems) = preProject
		proto\gRPCSample.proto = proto\gRPCSample.proto
	EndProjectSection
EndProject
Project("{FAE04EC0-301F-11D3-BF4B-00C04F79EFBC}") = "gRPCSampleCommon", "gRPCSampleCommon\gRPCSampleCommon.csproj", "{32E7FB99-0B51-4754-A414-CAF2D85034F0}"
EndProject
Global
	GlobalSection(SolutionConfigurationPlatforms) = preSolution
		Debug|Any CPU = Debug|Any CPU
		Release|Any CPU = Release|Any CPU
	EndGlobalSection
	GlobalSection(ProjectConfigurationPlatforms) = postSolution
		{4810791F-423D-4735-92EB-A512B4A4FF87}.Debug|Any CPU.ActiveCfg = Debug|Any CPU
		{4810791F-423D-4735-92EB-A512B4A4FF87}.Debug|Any CPU.Build.0 = Debug|Any CPU
		{4810791F-423D-4735-92EB-A512B4A4FF87}.Release|Any CPU.ActiveCfg = Release|Any CPU
		{4810791F-423D-4735-92EB-A512B4A4FF87}.Release|Any CPU.Build.0 = Release|Any CPU
		{6F492BBE-F1E7-42CD-B067-43BA1A505D0A}.Debug|Any CPU.ActiveCfg = Debug|Any CPU
		{6F492BBE-F1E7-42CD-B067-43BA1A505D0A}.Debug|Any CPU.Build.0 = Debug|Any CPU
		{6F492BBE-F1E7-42CD-B067-43BA1A505D0A}.Release|Any CPU.ActiveCfg = Release|Any CPU
		{6F492BBE-F1E7-42CD-B067-43BA1A505D0A}.Release|Any CPU.Build.0 = Release|Any CPU
		{32E7FB99-0B51-4754-A414-CAF2D85034F0}.Debug|Any CPU.ActiveCfg = Debug|Any CPU
		{32E7FB99-0B51-4754-A414-CAF2D85034F0}.Debug|Any CPU.Build.0 = Debug|Any CPU
		{32E7FB99-0B51-4754-A414-CAF2D85034F0}.Release|Any CPU.ActiveCfg = Release|Any CPU
		{32E7FB99-0B51-4754-A414-CAF2D85034F0}.Release|Any CPU.Build.0 = Release|Any CPU
	EndGlobalSection
	GlobalSection(SolutionProperties) = preSolution
		HideSolutionNode = FALSE
	EndGlobalSection
	GlobalSection(ExtensibilityGlobals) = postSolution
		SolutionGuid = {7CF9D2ED-CA7D-4B81-AE18-DBFBA4F863D3}
	EndGlobalSection
EndGlobal
